
Microsoft Visual Studio Solution File, Format Version 12.00
# Visual Studio Version 17
VisualStudioVersion = 17.1.32421.90
MinimumVisualStudioVersion = 10.0.40219.1
Project("{9A19103F-16F7-4668-BE54-9A1E7A4F7556}") = "MaterialDesignFloatingHintBug", "MaterialDesignFloatingHintBug\MaterialDesignFloatingHintBug.csproj", "{2F396433-C8CA-4112-8A61-C6ED219EB3E7}"
EndProject
Global
	GlobalSection(SolutionConfigurationPlatforms) = preSolution
		Debug|Any CPU = Debug|Any CPU
		Release|Any CPU = Release|Any CPU
	EndGlobalSection
	GlobalSection(ProjectConfigurationPlatforms) = postSolution
		{2F396433-C8CA-4112-8A61-C6ED219EB3E7}.Debug|Any CPU.ActiveCfg = Debug|Any CPU
		{2F396433-C8CA-4112-8A61-C6ED219EB3E7}.Debug|Any CPU.Build.0 = Debug|Any CPU
		{2F396433-C8CA-4112-8A61-C6ED219EB3E7}.Release|Any CPU.ActiveCfg = Release|Any CPU
		{2F396433-C8CA-4112-8A61-C6ED219EB3E7}.Release|Any CPU.Build.0 = Release|Any CPU
	EndGlobalSection
	GlobalSection(SolutionProperties) = preSolution
		HideSolutionNode = FALSE
	EndGlobalSection
	GlobalSection(ExtensibilityGlobals) = postSolution
		SolutionGuid = {A95A04A0-DD6C-4F3E-BF07-A1DB9E256849}
	EndGlobalSection
EndGlobal
